
Microsoft Visual Studio Solution File, Format Version 12.00
# Visual Studio Version 17
VisualStudioVersion = 17.10.35004.147
MinimumVisualStudioVersion = 10.0.40219.1
Project("{FAE04EC0-301F-11D3-BF4B-00C04F79EFBC}") = "bai5_giaithua-luythua", "bai5_giaithua-luythua\bai5_giaithua-luythua.csproj", "{3E470DB4-2A0A-41B8-B61F-768CA431AA75}"
EndProject
Global
	GlobalSection(SolutionConfigurationPlatforms) = preSolution
		Debug|Any CPU = Debug|Any CPU
		Release|Any CPU = Release|Any CPU
	EndGlobalSection
	GlobalSection(ProjectConfigurationPlatforms) = postSolution
		{3E470DB4-2A0A-41B8-B61F-768CA431AA75}.Debug|Any CPU.ActiveCfg = Debug|Any CPU
		{3E470DB4-2A0A-41B8-B61F-768CA431AA75}.Debug|Any CPU.Build.0 = Debug|Any CPU
		{3E470DB4-2A0A-41B8-B61F-768CA431AA75}.Release|Any CPU.ActiveCfg = Release|Any CPU
		{3E470DB4-2A0A-41B8-B61F-768CA431AA75}.Release|Any CPU.Build.0 = Release|Any CPU
	EndGlobalSection
	GlobalSection(SolutionProperties) = preSolution
		HideSolutionNode = FALSE
	EndGlobalSection
	GlobalSection(ExtensibilityGlobals) = postSolution
		SolutionGuid = {A3544440-F310-4B31-8795-17EB890A382E}
	EndGlobalSection
EndGlobal
